
Microsoft Visual Studio Solution File, Format Version 12.00
# Visual Studio Version 17
VisualStudioVersion = 17.4.33205.214
MinimumVisualStudioVersion = 10.0.40219.1
Project("{FAE04EC0-301F-11D3-BF4B-00C04F79EFBC}") = "PizzaOrderApp", "PizzaOrderApp\PizzaOrderApp.csproj", "{A908F1F5-8372-4D1A-A270-AE5EF50322F6}"
EndProject
Global
	GlobalSection(SolutionConfigurationPlatforms) = preSolution
		Debug|Any CPU = Debug|Any CPU
		Release|Any CPU = Release|Any CPU
	EndGlobalSection
	GlobalSection(ProjectConfigurationPlatforms) = postSolution
		{A908F1F5-8372-4D1A-A270-AE5EF50322F6}.Debug|Any CPU.ActiveCfg = Debug|Any CPU
		{A908F1F5-8372-4D1A-A270-AE5EF50322F6}.Debug|Any CPU.Build.0 = Debug|Any CPU
		{A908F1F5-8372-4D1A-A270-AE5EF50322F6}.Release|Any CPU.ActiveCfg = Release|Any CPU
		{A908F1F5-8372-4D1A-A270-AE5EF50322F6}.Release|Any CPU.Build.0 = Release|Any CPU
	EndGlobalSection
	GlobalSection(SolutionProperties) = preSolution
		HideSolutionNode = FALSE
	EndGlobalSection
	GlobalSection(ExtensibilityGlobals) = postSolution
		SolutionGuid = {D467A32E-A01D-4C2A-8E9E-70C611E08BD3}
	EndGlobalSection
EndGlobal
